// !$*UTF8*$!
{
	archiveVersion = 1;
	classes = {
	};
	objectVersion = 46;
	objects = {

/* Begin PBXBuildFile section */
		451803F91EC2BC99008268B8 /* GPLog.swift in Sources */ = {isa = PBXBuildFile; fileRef = 451803F81EC2BC99008268B8 /* GPLog.swift */; };
		451804491EC31123008268B8 /* GPKit+Double.swift in Sources */ = {isa = PBXBuildFile; fileRef = 4518043A1EC31122008268B8 /* GPKit+Double.swift */; };
		4518044A1EC31123008268B8 /* GPKit+Notification.swift in Sources */ = {isa = PBXBuildFile; fileRef = 4518043B1EC31122008268B8 /* GPKit+Notification.swift */; };
		4518044B1EC31123008268B8 /* GPKit+Sequence.swift in Sources */ = {isa = PBXBuildFile; fileRef = 4518043C1EC31122008268B8 /* GPKit+Sequence.swift */; };
		4518044C1EC31123008268B8 /* GPKit+String.swift in Sources */ = {isa = PBXBuildFile; fileRef = 4518043D1EC31122008268B8 /* GPKit+String.swift */; };
		4518044F1EC31123008268B8 /* GPKit+UIColor.swift in Sources */ = {isa = PBXBuildFile; fileRef = 451804401EC31122008268B8 /* GPKit+UIColor.swift */; };
		451804501EC31123008268B8 /* GPKit+UIImage.swift in Sources */ = {isa = PBXBuildFile; fileRef = 451804411EC31123008268B8 /* GPKit+UIImage.swift */; };
		451804521EC31123008268B8 /* GPKit+UINavigationController.swift in Sources */ = {isa = PBXBuildFile; fileRef = 451804431EC31123008268B8 /* GPKit+UINavigationController.swift */; };
		451804531EC31123008268B8 /* GPKit+UITextField.swift in Sources */ = {isa = PBXBuildFile; fileRef = 451804441EC31123008268B8 /* GPKit+UITextField.swift */; };
		451804541EC31123008268B8 /* GPKit+UIView.swift in Sources */ = {isa = PBXBuildFile; fileRef = 451804451EC31123008268B8 /* GPKit+UIView.swift */; };
		451804551EC31123008268B8 /* GPKit+UIViewContorller.swift in Sources */ = {isa = PBXBuildFile; fileRef = 451804461EC31123008268B8 /* GPKit+UIViewContorller.swift */; };
		459BA5811EDBD66500A22001 /* GPKit+Array.swift in Sources */ = {isa = PBXBuildFile; fileRef = 459BA5801EDBD66500A22001 /* GPKit+Array.swift */; };
		459BA5861EDBD6C300A22001 /* MIBadgeButton.swift in Sources */ = {isa = PBXBuildFile; fileRef = 459BA5851EDBD6C300A22001 /* MIBadgeButton.swift */; };
		459BA58C1EDBE4BD00A22001 /* GPKit+Error.swift in Sources */ = {isa = PBXBuildFile; fileRef = 459BA58B1EDBE4BD00A22001 /* GPKit+Error.swift */; };
		45A00C261EBD16C1001BC817 /* GPKit.framework in Frameworks */ = {isa = PBXBuildFile; fileRef = 45A00C1C1EBD16C0001BC817 /* GPKit.framework */; };
		45A00C2B1EBD16C1001BC817 /* GPKitTests.swift in Sources */ = {isa = PBXBuildFile; fileRef = 45A00C2A1EBD16C1001BC817 /* GPKitTests.swift */; };
		45A00C2D1EBD16C1001BC817 /* GPKit.h in Headers */ = {isa = PBXBuildFile; fileRef = 45A00C1F1EBD16C0001BC817 /* GPKit.h */; settings = {ATTRIBUTES = (Public, ); }; };
/* End PBXBuildFile section */

/* Begin PBXContainerItemProxy section */
		45A00C271EBD16C1001BC817 /* PBXContainerItemProxy */ = {
			isa = PBXContainerItemProxy;
			containerPortal = 45A00C131EBD16C0001BC817 /* Project object */;
			proxyType = 1;
			remoteGlobalIDString = 45A00C1B1EBD16C0001BC817;
			remoteInfo = GPKit;
		};
/* End PBXContainerItemProxy section */

/* Begin PBXFileReference section */
		451803F81EC2BC99008268B8 /* GPLog.swift */ = {isa = PBXFileReference; fileEncoding = 4; lastKnownFileType = sourcecode.swift; path = GPLog.swift; sourceTree = "<group>"; };
		4518043A1EC31122008268B8 /* GPKit+Double.swift */ = {isa = PBXFileReference; fileEncoding = 4; lastKnownFileType = sourcecode.swift; path = "GPKit+Double.swift"; sourceTree = "<group>"; };
		4518043B1EC31122008268B8 /* GPKit+Notification.swift */ = {isa = PBXFileReference; fileEncoding = 4; lastKnownFileType = sourcecode.swift; path = "GPKit+Notification.swift"; sourceTree = "<group>"; };
		4518043C1EC31122008268B8 /* GPKit+Sequence.swift */ = {isa = PBXFileReference; fileEncoding = 4; lastKnownFileType = sourcecode.swift; path = "GPKit+Sequence.swift"; sourceTree = "<group>"; };
		4518043D1EC31122008268B8 /* GPKit+String.swift */ = {isa = PBXFileReference; fileEncoding = 4; lastKnownFileType = sourcecode.swift; path = "GPKit+String.swift"; sourceTree = "<group>"; };
		451804401EC31122008268B8 /* GPKit+UIColor.swift */ = {isa = PBXFileReference; fileEncoding = 4; lastKnownFileType = sourcecode.swift; path = "GPKit+UIColor.swift"; sourceTree = "<group>"; };
		451804411EC31123008268B8 /* GPKit+UIImage.swift */ = {isa = PBXFileReference; fileEncoding = 4; lastKnownFileType = sourcecode.swift; path = "GPKit+UIImage.swift"; sourceTree = "<group>"; };
		451804431EC31123008268B8 /* GPKit+UINavigationController.swift */ = {isa = PBXFileReference; fileEncoding = 4; lastKnownFileType = sourcecode.swift; path = "GPKit+UINavigationController.swift"; sourceTree = "<group>"; };
		451804441EC31123008268B8 /* GPKit+UITextField.swift */ = {isa = PBXFileReference; fileEncoding = 4; lastKnownFileType = sourcecode.swift; path = "GPKit+UITextField.swift"; sourceTree = "<group>"; };
		451804451EC31123008268B8 /* GPKit+UIView.swift */ = {isa = PBXFileReference; fileEncoding = 4; lastKnownFileType = sourcecode.swift; path = "GPKit+UIView.swift"; sourceTree = "<group>"; };
		451804461EC31123008268B8 /* GPKit+UIViewContorller.swift */ = {isa = PBXFileReference; fileEncoding = 4; lastKnownFileType = sourcecode.swift; path = "GPKit+UIViewContorller.swift"; sourceTree = "<group>"; };
		459BA5801EDBD66500A22001 /* GPKit+Array.swift */ = {isa = PBXFileReference; fileEncoding = 4; lastKnownFileType = sourcecode.swift; path = "GPKit+Array.swift"; sourceTree = "<group>"; };
		459BA5851EDBD6C300A22001 /* MIBadgeButton.swift */ = {isa = PBXFileReference; fileEncoding = 4; lastKnownFileType = sourcecode.swift; path = MIBadgeButton.swift; sourceTree = "<group>"; };
		459BA58B1EDBE4BD00A22001 /* GPKit+Error.swift */ = {isa = PBXFileReference; fileEncoding = 4; lastKnownFileType = sourcecode.swift; path = "GPKit+Error.swift"; sourceTree = "<group>"; };
		45A00C1C1EBD16C0001BC817 /* GPKit.framework */ = {isa = PBXFileReference; explicitFileType = wrapper.framework; includeInIndex = 0; path = GPKit.framework; sourceTree = BUILT_PRODUCTS_DIR; };
		45A00C1F1EBD16C0001BC817 /* GPKit.h */ = {isa = PBXFileReference; lastKnownFileType = sourcecode.c.h; path = GPKit.h; sourceTree = "<group>"; };
		45A00C201EBD16C0001BC817 /* Info.plist */ = {isa = PBXFileReference; lastKnownFileType = text.plist.xml; path = Info.plist; sourceTree = "<group>"; };
		45A00C251EBD16C1001BC817 /* GPKitTests.xctest */ = {isa = PBXFileReference; explicitFileType = wrapper.cfbundle; includeInIndex = 0; path = GPKitTests.xctest; sourceTree = BUILT_PRODUCTS_DIR; };
		45A00C2A1EBD16C1001BC817 /* GPKitTests.swift */ = {isa = PBXFileReference; lastKnownFileType = sourcecode.swift; path = GPKitTests.swift; sourceTree = "<group>"; };
		45A00C2C1EBD16C1001BC817 /* Info.plist */ = {isa = PBXFileReference; lastKnownFileType = text.plist.xml; path = Info.plist; sourceTree = "<group>"; };
/* End PBXFileReference section */

/* Begin PBXFrameworksBuildPhase section */
		45A00C181EBD16C0001BC817 /* Frameworks */ = {
			isa = PBXFrameworksBuildPhase;
			buildActionMask = 2147483647;
			files = (
			);
			runOnlyForDeploymentPostprocessing = 0;
		};
		45A00C221EBD16C1001BC817 /* Frameworks */ = {
			isa = PBXFrameworksBuildPhase;
			buildActionMask = 2147483647;
			files = (
				45A00C261EBD16C1001BC817 /* GPKit.framework in Frameworks */,
			);
			runOnlyForDeploymentPostprocessing = 0;
		};
/* End PBXFrameworksBuildPhase section */

/* Begin PBXGroup section */
		451803FB1EC2D3E4008268B8 /* Categories */ = {
			isa = PBXGroup;
			children = (
				459BA5801EDBD66500A22001 /* GPKit+Array.swift */,
				4518043A1EC31122008268B8 /* GPKit+Double.swift */,
				459BA58B1EDBE4BD00A22001 /* GPKit+Error.swift */,
				4518043B1EC31122008268B8 /* GPKit+Notification.swift */,
				4518043C1EC31122008268B8 /* GPKit+Sequence.swift */,
				4518043D1EC31122008268B8 /* GPKit+String.swift */,
				451804401EC31122008268B8 /* GPKit+UIColor.swift */,
				451804411EC31123008268B8 /* GPKit+UIImage.swift */,
				451804431EC31123008268B8 /* GPKit+UINavigationController.swift */,
				451804441EC31123008268B8 /* GPKit+UITextField.swift */,
				451804451EC31123008268B8 /* GPKit+UIView.swift */,
				451804461EC31123008268B8 /* GPKit+UIViewContorller.swift */,
			);
			path = Categories;
			sourceTree = "<group>";
		};
		458849421ED6DFD600EAB977 /* Frameworks */ = {
			isa = PBXGroup;
			children = (
			);
			name = Frameworks;
			sourceTree = "<group>";
		};
		459BA5841EDBD6C300A22001 /* Views */ = {
			isa = PBXGroup;
			children = (
				459BA5851EDBD6C300A22001 /* MIBadgeButton.swift */,
			);
			name = Views;
			path = GPKit/Views;
			sourceTree = SOURCE_ROOT;
		};
		45A00C121EBD16C0001BC817 = {
			isa = PBXGroup;
			children = (
				45A00C1E1EBD16C0001BC817 /* GPKit */,
				45A00C291EBD16C1001BC817 /* GPKitTests */,
				45A00C1D1EBD16C0001BC817 /* Products */,
				458849421ED6DFD600EAB977 /* Frameworks */,
			);
			sourceTree = "<group>";
		};
		45A00C1D1EBD16C0001BC817 /* Products */ = {
			isa = PBXGroup;
			children = (
				45A00C1C1EBD16C0001BC817 /* GPKit.framework */,
				45A00C251EBD16C1001BC817 /* GPKitTests.xctest */,
			);
			name = Products;
			sourceTree = "<group>";
		};
		45A00C1E1EBD16C0001BC817 /* GPKit */ = {
			isa = PBXGroup;
			children = (
				451803FB1EC2D3E4008268B8 /* Categories */,
				459BA5841EDBD6C300A22001 /* Views */,
				45A00C1F1EBD16C0001BC817 /* GPKit.h */,
				45A00C201EBD16C0001BC817 /* Info.plist */,
				451803F81EC2BC99008268B8 /* GPLog.swift */,
			);
			path = GPKit;
			sourceTree = "<group>";
		};
		45A00C291EBD16C1001BC817 /* GPKitTests */ = {
			isa = PBXGroup;
			children = (
				45A00C2A1EBD16C1001BC817 /* GPKitTests.swift */,
				45A00C2C1EBD16C1001BC817 /* Info.plist */,
			);
			path = GPKitTests;
			sourceTree = "<group>";
		};
/* End PBXGroup section */

/* Begin PBXHeadersBuildPhase section */
		45A00C191EBD16C0001BC817 /* Headers */ = {
			isa = PBXHeadersBuildPhase;
			buildActionMask = 2147483647;
			files = (
				45A00C2D1EBD16C1001BC817 /* GPKit.h in Headers */,
			);
			runOnlyForDeploymentPostprocessing = 0;
		};
/* End PBXHeadersBuildPhase section */

/* Begin PBXNativeTarget section */
		45A00C1B1EBD16C0001BC817 /* GPKit */ = {
			isa = PBXNativeTarget;
			buildConfigurationList = 45A00C301EBD16C1001BC817 /* Build configuration list for PBXNativeTarget "GPKit" */;
			buildPhases = (
				45A00C171EBD16C0001BC817 /* Sources */,
				45A00C181EBD16C0001BC817 /* Frameworks */,
				45A00C191EBD16C0001BC817 /* Headers */,
				45A00C1A1EBD16C0001BC817 /* Resources */,
			);
			buildRules = (
			);
			dependencies = (
			);
			name = GPKit;
			productName = GPKit;
			productReference = 45A00C1C1EBD16C0001BC817 /* GPKit.framework */;
			productType = "com.apple.product-type.framework";
		};
		45A00C241EBD16C1001BC817 /* GPKitTests */ = {
			isa = PBXNativeTarget;
			buildConfigurationList = 45A00C331EBD16C1001BC817 /* Build configuration list for PBXNativeTarget "GPKitTests" */;
			buildPhases = (
				45A00C211EBD16C1001BC817 /* Sources */,
				45A00C221EBD16C1001BC817 /* Frameworks */,
				45A00C231EBD16C1001BC817 /* Resources */,
			);
			buildRules = (
			);
			dependencies = (
				45A00C281EBD16C1001BC817 /* PBXTargetDependency */,
			);
			name = GPKitTests;
			productName = GPKitTests;
			productReference = 45A00C251EBD16C1001BC817 /* GPKitTests.xctest */;
			productType = "com.apple.product-type.bundle.unit-test";
		};
/* End PBXNativeTarget section */

/* Begin PBXProject section */
		45A00C131EBD16C0001BC817 /* Project object */ = {
			isa = PBXProject;
			attributes = {
				LastSwiftUpdateCheck = 0830;
				LastUpgradeCheck = 0830;
				ORGANIZATIONNAME = "Citus Labs";
				TargetAttributes = {
					45A00C1B1EBD16C0001BC817 = {
						CreatedOnToolsVersion = 8.3.2;
						DevelopmentTeam = RE4YFXSB23;
						LastSwiftMigration = 0830;
						ProvisioningStyle = Automatic;
					};
					45A00C241EBD16C1001BC817 = {
						CreatedOnToolsVersion = 8.3.2;
						DevelopmentTeam = RE4YFXSB23;
						ProvisioningStyle = Automatic;
					};
				};
			};
			buildConfigurationList = 45A00C161EBD16C0001BC817 /* Build configuration list for PBXProject "GPKit" */;
			compatibilityVersion = "Xcode 3.2";
			developmentRegion = English;
			hasScannedForEncodings = 0;
			knownRegions = (
				en,
			);
			mainGroup = 45A00C121EBD16C0001BC817;
			productRefGroup = 45A00C1D1EBD16C0001BC817 /* Products */;
			projectDirPath = "";
			projectRoot = "";
			targets = (
				45A00C1B1EBD16C0001BC817 /* GPKit */,
				45A00C241EBD16C1001BC817 /* GPKitTests */,
			);
		};
/* End PBXProject section */

/* Begin PBXResourcesBuildPhase section */
		45A00C1A1EBD16C0001BC817 /* Resources */ = {
			isa = PBXResourcesBuildPhase;
			buildActionMask = 2147483647;
			files = (
			);
			runOnlyForDeploymentPostprocessing = 0;
		};
		45A00C231EBD16C1001BC817 /* Resources */ = {
			isa = PBXResourcesBuildPhase;
			buildActionMask = 2147483647;
			files = (
			);
			runOnlyForDeploymentPostprocessing = 0;
		};
/* End PBXResourcesBuildPhase section */

/* Begin PBXSourcesBuildPhase section */
		45A00C171EBD16C0001BC817 /* Sources */ = {
			isa = PBXSourcesBuildPhase;
			buildActionMask = 2147483647;
			files = (
				451804491EC31123008268B8 /* GPKit+Double.swift in Sources */,
				459BA5811EDBD66500A22001 /* GPKit+Array.swift in Sources */,
				451804521EC31123008268B8 /* GPKit+UINavigationController.swift in Sources */,
				451804501EC31123008268B8 /* GPKit+UIImage.swift in Sources */,
				451803F91EC2BC99008268B8 /* GPLog.swift in Sources */,
				451804531EC31123008268B8 /* GPKit+UITextField.swift in Sources */,
				451804541EC31123008268B8 /* GPKit+UIView.swift in Sources */,
				4518044C1EC31123008268B8 /* GPKit+String.swift in Sources */,
				459BA58C1EDBE4BD00A22001 /* GPKit+Error.swift in Sources */,
				459BA5861EDBD6C300A22001 /* MIBadgeButton.swift in Sources */,
				4518044F1EC31123008268B8 /* GPKit+UIColor.swift in Sources */,
				4518044B1EC31123008268B8 /* GPKit+Sequence.swift in Sources */,
				451804551EC31123008268B8 /* GPKit+UIViewContorller.swift in Sources */,
				4518044A1EC31123008268B8 /* GPKit+Notification.swift in Sources */,
			);
			runOnlyForDeploymentPostprocessing = 0;
		};
		45A00C211EBD16C1001BC817 /* Sources */ = {
			isa = PBXSourcesBuildPhase;
			buildActionMask = 2147483647;
			files = (
				45A00C2B1EBD16C1001BC817 /* GPKitTests.swift in Sources */,
			);
			runOnlyForDeploymentPostprocessing = 0;
		};
/* End PBXSourcesBuildPhase section */

/* Begin PBXTargetDependency section */
		45A00C281EBD16C1001BC817 /* PBXTargetDependency */ = {
			isa = PBXTargetDependency;
			target = 45A00C1B1EBD16C0001BC817 /* GPKit */;
			targetProxy = 45A00C271EBD16C1001BC817 /* PBXContainerItemProxy */;
		};
/* End PBXTargetDependency section */

/* Begin XCBuildConfiguration section */
		45A00C2E1EBD16C1001BC817 /* Debug */ = {
			isa = XCBuildConfiguration;
			buildSettings = {
				ALWAYS_SEARCH_USER_PATHS = NO;
				CLANG_ANALYZER_NONNULL = YES;
				CLANG_ANALYZER_NUMBER_OBJECT_CONVERSION = YES_AGGRESSIVE;
				CLANG_CXX_LANGUAGE_STANDARD = "gnu++0x";
				CLANG_CXX_LIBRARY = "libc++";
				CLANG_ENABLE_MODULES = YES;
				CLANG_ENABLE_OBJC_ARC = YES;
				CLANG_WARN_BOOL_CONVERSION = YES;
				CLANG_WARN_CONSTANT_CONVERSION = YES;
				CLANG_WARN_DIRECT_OBJC_ISA_USAGE = YES_ERROR;
				CLANG_WARN_DOCUMENTATION_COMMENTS = YES;
				CLANG_WARN_EMPTY_BODY = YES;
				CLANG_WARN_ENUM_CONVERSION = YES;
				CLANG_WARN_INFINITE_RECURSION = YES;
				CLANG_WARN_INT_CONVERSION = YES;
				CLANG_WARN_OBJC_ROOT_CLASS = YES_ERROR;
				CLANG_WARN_SUSPICIOUS_MOVE = YES;
				CLANG_WARN_UNREACHABLE_CODE = YES;
				CLANG_WARN__DUPLICATE_METHOD_MATCH = YES;
				"CODE_SIGN_IDENTITY[sdk=iphoneos*]" = "iPhone Developer";
				COPY_PHASE_STRIP = NO;
				CURRENT_PROJECT_VERSION = 1;
				DEBUG_INFORMATION_FORMAT = dwarf;
				ENABLE_STRICT_OBJC_MSGSEND = YES;
				ENABLE_TESTABILITY = YES;
				GCC_C_LANGUAGE_STANDARD = gnu99;
				GCC_DYNAMIC_NO_PIC = NO;
				GCC_NO_COMMON_BLOCKS = YES;
				GCC_OPTIMIZATION_LEVEL = 0;
				GCC_PREPROCESSOR_DEFINITIONS = (
					"DEBUG=1",
					"$(inherited)",
				);
				GCC_WARN_64_TO_32_BIT_CONVERSION = YES;
				GCC_WARN_ABOUT_RETURN_TYPE = YES_ERROR;
				GCC_WARN_UNDECLARED_SELECTOR = YES;
				GCC_WARN_UNINITIALIZED_AUTOS = YES_AGGRESSIVE;
				GCC_WARN_UNUSED_FUNCTION = YES;
				GCC_WARN_UNUSED_VARIABLE = YES;
				IPHONEOS_DEPLOYMENT_TARGET = 9.0;
				MTL_ENABLE_DEBUG_INFO = YES;
				ONLY_ACTIVE_ARCH = YES;
				SDKROOT = iphoneos;
				SWIFT_ACTIVE_COMPILATION_CONDITIONS = DEBUG;
				SWIFT_OPTIMIZATION_LEVEL = "-Onone";
				TARGETED_DEVICE_FAMILY = "1,2";
				VERSIONING_SYSTEM = "apple-generic";
				VERSION_INFO_PREFIX = "";
			};
			name = Debug;
		};
		45A00C2F1EBD16C1001BC817 /* Release */ = {
			isa = XCBuildConfiguration;
			buildSettings = {
				ALWAYS_SEARCH_USER_PATHS = NO;
				CLANG_ANALYZER_NONNULL = YES;
				CLANG_ANALYZER_NUMBER_OBJECT_CONVERSION = YES_AGGRESSIVE;
				CLANG_CXX_LANGUAGE_STANDARD = "gnu++0x";
				CLANG_CXX_LIBRARY = "libc++";
				CLANG_ENABLE_MODULES = YES;
				CLANG_ENABLE_OBJC_ARC = YES;
				CLANG_WARN_BOOL_CONVERSION = YES;
				CLANG_WARN_CONSTANT_CONVERSION = YES;
				CLANG_WARN_DIRECT_OBJC_ISA_USAGE = YES_ERROR;
				CLANG_WARN_DOCUMENTATION_COMMENTS = YES;
				CLANG_WARN_EMPTY_BODY = YES;
				CLANG_WARN_ENUM_CONVERSION = YES;
				CLANG_WARN_INFINITE_RECURSION = YES;
				CLANG_WARN_INT_CONVERSION = YES;
				CLANG_WARN_OBJC_ROOT_CLASS = YES_ERROR;
				CLANG_WARN_SUSPICIOUS_MOVE = YES;
				CLANG_WARN_UNREACHABLE_CODE = YES;
				CLANG_WARN__DUPLICATE_METHOD_MATCH = YES;
				"CODE_SIGN_IDENTITY[sdk=iphoneos*]" = "iPhone Developer";
				COPY_PHASE_STRIP = NO;
				CURRENT_PROJECT_VERSION = 1;
				DEBUG_INFORMATION_FORMAT = "dwarf-with-dsym";
				ENABLE_NS_ASSERTIONS = NO;
				ENABLE_STRICT_OBJC_MSGSEND = YES;
				GCC_C_LANGUAGE_STANDARD = gnu99;
				GCC_NO_COMMON_BLOCKS = YES;
				GCC_WARN_64_TO_32_BIT_CONVERSION = YES;
				GCC_WARN_ABOUT_RETURN_TYPE = YES_ERROR;
				GCC_WARN_UNDECLARED_SELECTOR = YES;
				GCC_WARN_UNINITIALIZED_AUTOS = YES_AGGRESSIVE;
				GCC_WARN_UNUSED_FUNCTION = YES;
				GCC_WARN_UNUSED_VARIABLE = YES;
				IPHONEOS_DEPLOYMENT_TARGET = 9.0;
				MTL_ENABLE_DEBUG_INFO = NO;
				SDKROOT = iphoneos;
				SWIFT_OPTIMIZATION_LEVEL = "-Owholemodule";
				TARGETED_DEVICE_FAMILY = "1,2";
				VALIDATE_PRODUCT = YES;
				VERSIONING_SYSTEM = "apple-generic";
				VERSION_INFO_PREFIX = "";
			};
			name = Release;
		};
		45A00C311EBD16C1001BC817 /* Debug */ = {
			isa = XCBuildConfiguration;
			buildSettings = {
				CLANG_ENABLE_MODULES = YES;
				CODE_SIGN_IDENTITY = "";
				DEFINES_MODULE = YES;
				DEVELOPMENT_TEAM = RE4YFXSB23;
				DYLIB_COMPATIBILITY_VERSION = 1;
				DYLIB_CURRENT_VERSION = 1;
				DYLIB_INSTALL_NAME_BASE = "@rpath";
				INFOPLIST_FILE = GPKit/Info.plist;
				INSTALL_PATH = "$(LOCAL_LIBRARY_DIR)/Frameworks";
				IPHONEOS_DEPLOYMENT_TARGET = 9.0;
				LD_RUNPATH_SEARCH_PATHS = "$(inherited) @executable_path/Frameworks @loader_path/Frameworks";
				PRODUCT_BUNDLE_IDENTIFIER = ph.cituslabs.app.gpkit;
				PRODUCT_NAME = "$(TARGET_NAME)";
				SKIP_INSTALL = YES;
				SWIFT_OPTIMIZATION_LEVEL = "-Onone";
				SWIFT_VERSION = 3.0;
			};
			name = Debug;
		};
		45A00C321EBD16C1001BC817 /* Release */ = {
			isa = XCBuildConfiguration;
			buildSettings = {
				CLANG_ENABLE_MODULES = YES;
				CODE_SIGN_IDENTITY = "";
				DEFINES_MODULE = YES;
				DEVELOPMENT_TEAM = RE4YFXSB23;
				DYLIB_COMPATIBILITY_VERSION = 1;
				DYLIB_CURRENT_VERSION = 1;
				DYLIB_INSTALL_NAME_BASE = "@rpath";
				INFOPLIST_FILE = GPKit/Info.plist;
				INSTALL_PATH = "$(LOCAL_LIBRARY_DIR)/Frameworks";
				IPHONEOS_DEPLOYMENT_TARGET = 9.0;
				LD_RUNPATH_SEARCH_PATHS = "$(inherited) @executable_path/Frameworks @loader_path/Frameworks";
				PRODUCT_BUNDLE_IDENTIFIER = ph.cituslabs.app.gpkit;
				PRODUCT_NAME = "$(TARGET_NAME)";
				SKIP_INSTALL = YES;
				SWIFT_VERSION = 3.0;
			};
			name = Release;
		};
		45A00C341EBD16C1001BC817 /* Debug */ = {
			isa = XCBuildConfiguration;
			buildSettings = {
				ALWAYS_EMBED_SWIFT_STANDARD_LIBRARIES = YES;
				DEVELOPMENT_TEAM = RE4YFXSB23;
				INFOPLIST_FILE = GPKitTests/Info.plist;
				LD_RUNPATH_SEARCH_PATHS = "$(inherited) @executable_path/Frameworks @loader_path/Frameworks";
				PRODUCT_BUNDLE_IDENTIFIER = ph.cituslabs.app.GPKitTests;
				PRODUCT_NAME = "$(TARGET_NAME)";
				SWIFT_VERSION = 3.0;
			};
			name = Debug;
		};
		45A00C351EBD16C1001BC817 /* Release */ = {
			isa = XCBuildConfiguration;
			buildSettings = {
				ALWAYS_EMBED_SWIFT_STANDARD_LIBRARIES = YES;
				DEVELOPMENT_TEAM = RE4YFXSB23;
				INFOPLIST_FILE = GPKitTests/Info.plist;
				LD_RUNPATH_SEARCH_PATHS = "$(inherited) @executable_path/Frameworks @loader_path/Frameworks";
				PRODUCT_BUNDLE_IDENTIFIER = ph.cituslabs.app.GPKitTests;
				PRODUCT_NAME = "$(TARGET_NAME)";
				SWIFT_VERSION = 3.0;
			};
			name = Release;
		};
/* End XCBuildConfiguration section */

/* Begin XCConfigurationList section */
		45A00C161EBD16C0001BC817 /* Build configuration list for PBXProject "GPKit" */ = {
			isa = XCConfigurationList;
			buildConfigurations = (
				45A00C2E1EBD16C1001BC817 /* Debug */,
				45A00C2F1EBD16C1001BC817 /* Release */,
			);
			defaultConfigurationIsVisible = 0;
			defaultConfigurationName = Release;
		};
		45A00C301EBD16C1001BC817 /* Build configuration list for PBXNativeTarget "GPKit" */ = {
			isa = XCConfigurationList;
			buildConfigurations = (
				45A00C311EBD16C1001BC817 /* Debug */,
				45A00C321EBD16C1001BC817 /* Release */,
			);
			defaultConfigurationIsVisible = 0;
			defaultConfigurationName = Release;
		};
		45A00C331EBD16C1001BC817 /* Build configuration list for PBXNativeTarget "GPKitTests" */ = {
			isa = XCConfigurationList;
			buildConfigurations = (
				45A00C341EBD16C1001BC817 /* Debug */,
				45A00C351EBD16C1001BC817 /* Release */,
			);
			defaultConfigurationIsVisible = 0;
			defaultConfigurationName = Release;
		};
/* End XCConfigurationList section */
	};
	rootObject = 45A00C131EBD16C0001BC817 /* Project object */;
}
